// !$*UTF8*$!
{
	archiveVersion = 1;
	classes = {
	};
	objectVersion = 46;
	objects = {

/* Begin PBXBuildFile section */
		511A44121B2FC96D00F81309 /* AppDelegate.swift in Sources */ = {isa = PBXBuildFile; fileRef = 511A44111B2FC96D00F81309 /* AppDelegate.swift */; };
		511A44141B2FC96D00F81309 /* ViewController.swift in Sources */ = {isa = PBXBuildFile; fileRef = 511A44131B2FC96D00F81309 /* ViewController.swift */; };
		511A44171B2FC96D00F81309 /* Main.storyboard in Resources */ = {isa = PBXBuildFile; fileRef = 511A44151B2FC96D00F81309 /* Main.storyboard */; };
		511A44191B2FC96D00F81309 /* Images.xcassets in Resources */ = {isa = PBXBuildFile; fileRef = 511A44181B2FC96D00F81309 /* Images.xcassets */; };
		511A441C1B2FC96D00F81309 /* LaunchScreen.xib in Resources */ = {isa = PBXBuildFile; fileRef = 511A441A1B2FC96D00F81309 /* LaunchScreen.xib */; };
		511A44281B2FC96D00F81309 /* tipsTests.swift in Sources */ = {isa = PBXBuildFile; fileRef = 511A44271B2FC96D00F81309 /* tipsTests.swift */; };
		516108C41B3B37BE00F644E4 /* SettingsViewController.swift in Sources */ = {isa = PBXBuildFile; fileRef = 516108C31B3B37BE00F644E4 /* SettingsViewController.swift */; };
		516108C71B3CBAA000F644E4 /* Utils.swift in Sources */ = {isa = PBXBuildFile; fileRef = 516108C61B3CBAA000F644E4 /* Utils.swift */; };
		517291C61B3E02BA00607770 /* Default.png in Resources */ = {isa = PBXBuildFile; fileRef = 517291C41B3E02BA00607770 /* Default.png */; };
/* End PBXBuildFile section */

/* Begin PBXContainerItemProxy section */
		511A44221B2FC96D00F81309 /* PBXContainerItemProxy */ = {
			isa = PBXContainerItemProxy;
			containerPortal = 511A44041B2FC96D00F81309 /* Project object */;
			proxyType = 1;
			remoteGlobalIDString = 511A440B1B2FC96D00F81309;
			remoteInfo = tips;
		};
/* End PBXContainerItemProxy section */

/* Begin PBXFileReference section */
		511A440C1B2FC96D00F81309 /* tips.app */ = {isa = PBXFileReference; explicitFileType = wrapper.application; includeInIndex = 0; path = tips.app; sourceTree = BUILT_PRODUCTS_DIR; };
		511A44101B2FC96D00F81309 /* Info.plist */ = {isa = PBXFileReference; lastKnownFileType = text.plist.xml; path = Info.plist; sourceTree = "<group>"; };
		511A44111B2FC96D00F81309 /* AppDelegate.swift */ = {isa = PBXFileReference; lastKnownFileType = sourcecode.swift; path = AppDelegate.swift; sourceTree = "<group>"; };
		511A44131B2FC96D00F81309 /* ViewController.swift */ = {isa = PBXFileReference; lastKnownFileType = sourcecode.swift; path = ViewController.swift; sourceTree = "<group>"; };
		511A44161B2FC96D00F81309 /* Base */ = {isa = PBXFileReference; lastKnownFileType = file.storyboard; name = Base; path = Base.lproj/Main.storyboard; sourceTree = "<group>"; };
		511A44181B2FC96D00F81309 /* Images.xcassets */ = {isa = PBXFileReference; lastKnownFileType = folder.assetcatalog; path = Images.xcassets; sourceTree = "<group>"; };
		511A441B1B2FC96D00F81309 /* Base */ = {isa = PBXFileReference; lastKnownFileType = file.xib; name = Base; path = Base.lproj/LaunchScreen.xib; sourceTree = "<group>"; };
		511A44211B2FC96D00F81309 /* tipsTests.xctest */ = {isa = PBXFileReference; explicitFileType = wrapper.cfbundle; includeInIndex = 0; path = tipsTests.xctest; sourceTree = BUILT_PRODUCTS_DIR; };
		511A44261B2FC96D00F81309 /* Info.plist */ = {isa = PBXFileReference; lastKnownFileType = text.plist.xml; path = Info.plist; sourceTree = "<group>"; };
		511A44271B2FC96D00F81309 /* tipsTests.swift */ = {isa = PBXFileReference; lastKnownFileType = sourcecode.swift; path = tipsTests.swift; sourceTree = "<group>"; };
		516108C31B3B37BE00F644E4 /* SettingsViewController.swift */ = {isa = PBXFileReference; fileEncoding = 4; lastKnownFileType = sourcecode.swift; path = SettingsViewController.swift; sourceTree = "<group>"; };
		516108C61B3CBAA000F644E4 /* Utils.swift */ = {isa = PBXFileReference; fileEncoding = 4; lastKnownFileType = sourcecode.swift; path = Utils.swift; sourceTree = "<group>"; };
		517291C41B3E02BA00607770 /* Default.png */ = {isa = PBXFileReference; lastKnownFileType = image.png; path = Default.png; sourceTree = "<group>"; };
/* End PBXFileReference section */

/* Begin PBXFrameworksBuildPhase section */
		511A44091B2FC96D00F81309 /* Frameworks */ = {
			isa = PBXFrameworksBuildPhase;
			buildActionMask = 2147483647;
			files = (
			);
			runOnlyForDeploymentPostprocessing = 0;
		};
		511A441E1B2FC96D00F81309 /* Frameworks */ = {
			isa = PBXFrameworksBuildPhase;
			buildActionMask = 2147483647;
			files = (
			);
			runOnlyForDeploymentPostprocessing = 0;
		};
/* End PBXFrameworksBuildPhase section */

/* Begin PBXGroup section */
		511A44031B2FC96D00F81309 = {
			isa = PBXGroup;
			children = (
				511A440E1B2FC96D00F81309 /* tips */,
				511A44241B2FC96D00F81309 /* tipsTests */,
				511A440D1B2FC96D00F81309 /* Products */,
			);
			sourceTree = "<group>";
		};
		511A440D1B2FC96D00F81309 /* Products */ = {
			isa = PBXGroup;
			children = (
				511A440C1B2FC96D00F81309 /* tips.app */,
				511A44211B2FC96D00F81309 /* tipsTests.xctest */,
			);
			name = Products;
			sourceTree = "<group>";
		};
		511A440E1B2FC96D00F81309 /* tips */ = {
			isa = PBXGroup;
			children = (
				516108C81B3CBAA700F644E4 /* Utils */,
				511A44111B2FC96D00F81309 /* AppDelegate.swift */,
				516108C51B3B37CB00F644E4 /* ViewControllers */,
				511A44151B2FC96D00F81309 /* Main.storyboard */,
				511A44181B2FC96D00F81309 /* Images.xcassets */,
				511A441A1B2FC96D00F81309 /* LaunchScreen.xib */,
				511A440F1B2FC96D00F81309 /* Supporting Files */,
			);
			path = tips;
			sourceTree = "<group>";
		};
		511A440F1B2FC96D00F81309 /* Supporting Files */ = {
			isa = PBXGroup;
			children = (
				517291C41B3E02BA00607770 /* Default.png */,
				511A44101B2FC96D00F81309 /* Info.plist */,
			);
			name = "Supporting Files";
			sourceTree = "<group>";
		};
		511A44241B2FC96D00F81309 /* tipsTests */ = {
			isa = PBXGroup;
			children = (
				511A44271B2FC96D00F81309 /* tipsTests.swift */,
				511A44251B2FC96D00F81309 /* Supporting Files */,
			);
			path = tipsTests;
			sourceTree = "<group>";
		};
		511A44251B2FC96D00F81309 /* Supporting Files */ = {
			isa = PBXGroup;
			children = (
				511A44261B2FC96D00F81309 /* Info.plist */,
			);
			name = "Supporting Files";
			sourceTree = "<group>";
		};
		516108C51B3B37CB00F644E4 /* ViewControllers */ = {
			isa = PBXGroup;
			children = (
				511A44131B2FC96D00F81309 /* ViewController.swift */,
				516108C31B3B37BE00F644E4 /* SettingsViewController.swift */,
			);
			name = ViewControllers;
			sourceTree = "<group>";
		};
		516108C81B3CBAA700F644E4 /* Utils */ = {
			isa = PBXGroup;
			children = (
				516108C61B3CBAA000F644E4 /* Utils.swift */,
			);
			name = Utils;
			sourceTree = "<group>";
		};
/* End PBXGroup section */

/* Begin PBXNativeTarget section */
		511A440B1B2FC96D00F81309 /* tips */ = {
			isa = PBXNativeTarget;
			buildConfigurationList = 511A442B1B2FC96D00F81309 /* Build configuration list for PBXNativeTarget "tips" */;
			buildPhases = (
				511A44081B2FC96D00F81309 /* Sources */,
				511A44091B2FC96D00F81309 /* Frameworks */,
				511A440A1B2FC96D00F81309 /* Resources */,
			);
			buildRules = (
			);
			dependencies = (
			);
			name = tips;
			productName = tips;
			productReference = 511A440C1B2FC96D00F81309 /* tips.app */;
			productType = "com.apple.product-type.application";
		};
		511A44201B2FC96D00F81309 /* tipsTests */ = {
			isa = PBXNativeTarget;
			buildConfigurationList = 511A442E1B2FC96D00F81309 /* Build configuration list for PBXNativeTarget "tipsTests" */;
			buildPhases = (
				511A441D1B2FC96D00F81309 /* Sources */,
				511A441E1B2FC96D00F81309 /* Frameworks */,
				511A441F1B2FC96D00F81309 /* Resources */,
			);
			buildRules = (
			);
			dependencies = (
				511A44231B2FC96D00F81309 /* PBXTargetDependency */,
			);
			name = tipsTests;
			productName = tipsTests;
			productReference = 511A44211B2FC96D00F81309 /* tipsTests.xctest */;
			productType = "com.apple.product-type.bundle.unit-test";
		};
/* End PBXNativeTarget section */

/* Begin PBXProject section */
		511A44041B2FC96D00F81309 /* Project object */ = {
			isa = PBXProject;
			attributes = {
				LastUpgradeCheck = 0630;
				ORGANIZATIONNAME = "Keenahn Jung";
				TargetAttributes = {
					511A440B1B2FC96D00F81309 = {
						CreatedOnToolsVersion = 6.3.2;
					};
					511A44201B2FC96D00F81309 = {
						CreatedOnToolsVersion = 6.3.2;
						TestTargetID = 511A440B1B2FC96D00F81309;
					};
				};
			};
			buildConfigurationList = 511A44071B2FC96D00F81309 /* Build configuration list for PBXProject "tips" */;
			compatibilityVersion = "Xcode 3.2";
			developmentRegion = English;
			hasScannedForEncodings = 0;
			knownRegions = (
				en,
				Base,
			);
			mainGroup = 511A44031B2FC96D00F81309;
			productRefGroup = 511A440D1B2FC96D00F81309 /* Products */;
			projectDirPath = "";
			projectRoot = "";
			targets = (
				511A440B1B2FC96D00F81309 /* tips */,
				511A44201B2FC96D00F81309 /* tipsTests */,
			);
		};
/* End PBXProject section */

/* Begin PBXResourcesBuildPhase section */
		511A440A1B2FC96D00F81309 /* Resources */ = {
			isa = PBXResourcesBuildPhase;
			buildActionMask = 2147483647;
			files = (
				511A44171B2FC96D00F81309 /* Main.storyboard in Resources */,
				511A441C1B2FC96D00F81309 /* LaunchScreen.xib in Resources */,
				511A44191B2FC96D00F81309 /* Images.xcassets in Resources */,
				517291C61B3E02BA00607770 /* Default.png in Resources */,
			);
			runOnlyForDeploymentPostprocessing = 0;
		};
		511A441F1B2FC96D00F81309 /* Resources */ = {
			isa = PBXResourcesBuildPhase;
			buildActionMask = 2147483647;
			files = (
			);
			runOnlyForDeploymentPostprocessing = 0;
		};
/* End PBXResourcesBuildPhase section */

/* Begin PBXSourcesBuildPhase section */
		511A44081B2FC96D00F81309 /* Sources */ = {
			isa = PBXSourcesBuildPhase;
			buildActionMask = 2147483647;
			files = (
				511A44141B2FC96D00F81309 /* ViewController.swift in Sources */,
				511A44121B2FC96D00F81309 /* AppDelegate.swift in Sources */,
				516108C41B3B37BE00F644E4 /* SettingsViewController.swift in Sources */,
				516108C71B3CBAA000F644E4 /* Utils.swift in Sources */,
			);
			runOnlyForDeploymentPostprocessing = 0;
		};
		511A441D1B2FC96D00F81309 /* Sources */ = {
			isa = PBXSourcesBuildPhase;
			buildActionMask = 2147483647;
			files = (
				511A44281B2FC96D00F81309 /* tipsTests.swift in Sources */,
			);
			runOnlyForDeploymentPostprocessing = 0;
		};
/* End PBXSourcesBuildPhase section */

/* Begin PBXTargetDependency section */
		511A44231B2FC96D00F81309 /* PBXTargetDependency */ = {
			isa = PBXTargetDependency;
			target = 511A440B1B2FC96D00F81309 /* tips */;
			targetProxy = 511A44221B2FC96D00F81309 /* PBXContainerItemProxy */;
		};
/* End PBXTargetDependency section */

/* Begin PBXVariantGroup section */
		511A44151B2FC96D00F81309 /* Main.storyboard */ = {
			isa = PBXVariantGroup;
			children = (
				511A44161B2FC96D00F81309 /* Base */,
			);
			name = Main.storyboard;
			sourceTree = "<group>";
		};
		511A441A1B2FC96D00F81309 /* LaunchScreen.xib */ = {
			isa = PBXVariantGroup;
			children = (
				511A441B1B2FC96D00F81309 /* Base */,
			);
			name = LaunchScreen.xib;
			sourceTree = "<group>";
		};
/* End PBXVariantGroup section */

/* Begin XCBuildConfiguration section */
		511A44291B2FC96D00F81309 /* Debug */ = {
			isa = XCBuildConfiguration;
			buildSettings = {
				ALWAYS_SEARCH_USER_PATHS = NO;
				CLANG_CXX_LANGUAGE_STANDARD = "gnu++0x";
				CLANG_CXX_LIBRARY = "libc++";
				CLANG_ENABLE_MODULES = YES;
				CLANG_ENABLE_OBJC_ARC = YES;
				CLANG_WARN_BOOL_CONVERSION = YES;
				CLANG_WARN_CONSTANT_CONVERSION = YES;
				CLANG_WARN_DIRECT_OBJC_ISA_USAGE = YES_ERROR;
				CLANG_WARN_EMPTY_BODY = YES;
				CLANG_WARN_ENUM_CONVERSION = YES;
				CLANG_WARN_INT_CONVERSION = YES;
				CLANG_WARN_OBJC_ROOT_CLASS = YES_ERROR;
				CLANG_WARN_UNREACHABLE_CODE = YES;
				CLANG_WARN__DUPLICATE_METHOD_MATCH = YES;
				"CODE_SIGN_IDENTITY[sdk=iphoneos*]" = "iPhone Developer";
				COPY_PHASE_STRIP = NO;
				DEBUG_INFORMATION_FORMAT = "dwarf-with-dsym";
				ENABLE_STRICT_OBJC_MSGSEND = YES;
				GCC_C_LANGUAGE_STANDARD = gnu99;
				GCC_DYNAMIC_NO_PIC = NO;
				GCC_NO_COMMON_BLOCKS = YES;
				GCC_OPTIMIZATION_LEVEL = 0;
				GCC_PREPROCESSOR_DEFINITIONS = (
					"DEBUG=1",
					"$(inherited)",
				);
				GCC_SYMBOLS_PRIVATE_EXTERN = NO;
				GCC_WARN_64_TO_32_BIT_CONVERSION = YES;
				GCC_WARN_ABOUT_RETURN_TYPE = YES_ERROR;
				GCC_WARN_UNDECLARED_SELECTOR = YES;
				GCC_WARN_UNINITIALIZED_AUTOS = YES_AGGRESSIVE;
				GCC_WARN_UNUSED_FUNCTION = YES;
				GCC_WARN_UNUSED_VARIABLE = YES;
				IPHONEOS_DEPLOYMENT_TARGET = 8.3;
				MTL_ENABLE_DEBUG_INFO = YES;
				ONLY_ACTIVE_ARCH = YES;
				SDKROOT = iphoneos;
				SWIFT_OPTIMIZATION_LEVEL = "-Onone";
			};
			name = Debug;
		};
		511A442A1B2FC96D00F81309 /* Release */ = {
			isa = XCBuildConfiguration;
			buildSettings = {
				ALWAYS_SEARCH_USER_PATHS = NO;
				CLANG_CXX_LANGUAGE_STANDARD = "gnu++0x";
				CLANG_CXX_LIBRARY = "libc++";
				CLANG_ENABLE_MODULES = YES;
				CLANG_ENABLE_OBJC_ARC = YES;
				CLANG_WARN_BOOL_CONVERSION = YES;
				CLANG_WARN_CONSTANT_CONVERSION = YES;
				CLANG_WARN_DIRECT_OBJC_ISA_USAGE = YES_ERROR;
				CLANG_WARN_EMPTY_BODY = YES;
				CLANG_WARN_ENUM_CONVERSION = YES;
				CLANG_WARN_INT_CONVERSION = YES;
				CLANG_WARN_OBJC_ROOT_CLASS = YES_ERROR;
				CLANG_WARN_UNREACHABLE_CODE = YES;
				CLANG_WARN__DUPLICATE_METHOD_MATCH = YES;
				"CODE_SIGN_IDENTITY[sdk=iphoneos*]" = "iPhone Developer";
				COPY_PHASE_STRIP = NO;
				DEBUG_INFORMATION_FORMAT = "dwarf-with-dsym";
				ENABLE_NS_ASSERTIONS = NO;
				ENABLE_STRICT_OBJC_MSGSEND = YES;
				GCC_C_LANGUAGE_STANDARD = gnu99;
				GCC_NO_COMMON_BLOCKS = YES;
				GCC_WARN_64_TO_32_BIT_CONVERSION = YES;
				GCC_WARN_ABOUT_RETURN_TYPE = YES_ERROR;
				GCC_WARN_UNDECLARED_SELECTOR = YES;
				GCC_WARN_UNINITIALIZED_AUTOS = YES_AGGRESSIVE;
				GCC_WARN_UNUSED_FUNCTION = YES;
				GCC_WARN_UNUSED_VARIABLE = YES;
				IPHONEOS_DEPLOYMENT_TARGET = 8.3;
				MTL_ENABLE_DEBUG_INFO = NO;
				SDKROOT = iphoneos;
				VALIDATE_PRODUCT = YES;
			};
			name = Release;
		};
		511A442C1B2FC96D00F81309 /* Debug */ = {
			isa = XCBuildConfiguration;
			buildSettings = {
				ASSETCATALOG_COMPILER_APPICON_NAME = AppIcon;
				INFOPLIST_FILE = tips/Info.plist;
				LD_RUNPATH_SEARCH_PATHS = "$(inherited) @executable_path/Frameworks";
				PRODUCT_NAME = "$(TARGET_NAME)";
			};
			name = Debug;
		};
		511A442D1B2FC96D00F81309 /* Release */ = {
			isa = XCBuildConfiguration;
			buildSettings = {
				ASSETCATALOG_COMPILER_APPICON_NAME = AppIcon;
				INFOPLIST_FILE = tips/Info.plist;
				LD_RUNPATH_SEARCH_PATHS = "$(inherited) @executable_path/Frameworks";
				PRODUCT_NAME = "$(TARGET_NAME)";
			};
			name = Release;
		};
		511A442F1B2FC96D00F81309 /* Debug */ = {
			isa = XCBuildConfiguration;
			buildSettings = {
				BUNDLE_LOADER = "$(TEST_HOST)";
				FRAMEWORK_SEARCH_PATHS = (
					"$(SDKROOT)/Developer/Library/Frameworks",
					"$(inherited)",
				);
				GCC_PREPROCESSOR_DEFINITIONS = (
					"DEBUG=1",
					"$(inherited)",
				);
				INFOPLIST_FILE = tipsTests/Info.plist;
				LD_RUNPATH_SEARCH_PATHS = "$(inherited) @executable_path/Frameworks @loader_path/Frameworks";
				PRODUCT_NAME = "$(TARGET_NAME)";
				TEST_HOST = "$(BUILT_PRODUCTS_DIR)/tips.app/tips";
			};
			name = Debug;
		};
		511A44301B2FC96D00F81309 /* Release */ = {
			isa = XCBuildConfiguration;
			buildSettings = {
				BUNDLE_LOADER = "$(TEST_HOST)";
				FRAMEWORK_SEARCH_PATHS = (
					"$(SDKROOT)/Developer/Library/Frameworks",
					"$(inherited)",
				);
				INFOPLIST_FILE = tipsTests/Info.plist;
				LD_RUNPATH_SEARCH_PATHS = "$(inherited) @executable_path/Frameworks @loader_path/Frameworks";
				PRODUCT_NAME = "$(TARGET_NAME)";
				TEST_HOST = "$(BUILT_PRODUCTS_DIR)/tips.app/tips";
			};
			name = Release;
		};
/* End XCBuildConfiguration section */

/* Begin XCConfigurationList section */
		511A44071B2FC96D00F81309 /* Build configuration list for PBXProject "tips" */ = {
			isa = XCConfigurationList;
			buildConfigurations = (
				511A44291B2FC96D00F81309 /* Debug */,
				511A442A1B2FC96D00F81309 /* Release */,
			);
			defaultConfigurationIsVisible = 0;
			defaultConfigurationName = Release;
		};
		511A442B1B2FC96D00F81309 /* Build configuration list for PBXNativeTarget "tips" */ = {
			isa = XCConfigurationList;
			buildConfigurations = (
				511A442C1B2FC96D00F81309 /* Debug */,
				511A442D1B2FC96D00F81309 /* Release */,
			);
			defaultConfigurationIsVisible = 0;
			defaultConfigurationName = Release;
		};
		511A442E1B2FC96D00F81309 /* Build configuration list for PBXNativeTarget "tipsTests" */ = {
			isa = XCConfigurationList;
			buildConfigurations = (
				511A442F1B2FC96D00F81309 /* Debug */,
				511A44301B2FC96D00F81309 /* Release */,
			);
			defaultConfigurationIsVisible = 0;
			defaultConfigurationName = Release;
		};
/* End XCConfigurationList section */
	};
	rootObject = 511A44041B2FC96D00F81309 /* Project object */;
}
